// !$*UTF8*$!
{
	archiveVersion = 1;
	classes = {
	};
	objectVersion = 46;
	objects = {

/* Begin PBXBuildFile section */
		4CEF15041D67EE5700A2D951 /* AppDelegate.swift in Sources */ = {isa = PBXBuildFile; fileRef = 4CEF15031D67EE5700A2D951 /* AppDelegate.swift */; };
		4CEF15061D67EE5700A2D951 /* ViewController.swift in Sources */ = {isa = PBXBuildFile; fileRef = 4CEF15051D67EE5700A2D951 /* ViewController.swift */; };
		4CEF15091D67EE5700A2D951 /* Main.storyboard in Resources */ = {isa = PBXBuildFile; fileRef = 4CEF15071D67EE5700A2D951 /* Main.storyboard */; };
		4CEF150B1D67EE5700A2D951 /* Assets.xcassets in Resources */ = {isa = PBXBuildFile; fileRef = 4CEF150A1D67EE5700A2D951 /* Assets.xcassets */; };
		4CEF150E1D67EE5700A2D951 /* LaunchScreen.storyboard in Resources */ = {isa = PBXBuildFile; fileRef = 4CEF150C1D67EE5700A2D951 /* LaunchScreen.storyboard */; };
		4CEF15191D67EE5800A2D951 /* Dystruth_or_Dare_Tests.swift in Sources */ = {isa = PBXBuildFile; fileRef = 4CEF15181D67EE5800A2D951 /* Dystruth_or_Dare_Tests.swift */; };
		4CEF15241D67EE5800A2D951 /* Dystruth_or_Dare_UITests.swift in Sources */ = {isa = PBXBuildFile; fileRef = 4CEF15231D67EE5800A2D951 /* Dystruth_or_Dare_UITests.swift */; };
/* End PBXBuildFile section */

/* Begin PBXContainerItemProxy section */
		4CEF15151D67EE5800A2D951 /* PBXContainerItemProxy */ = {
			isa = PBXContainerItemProxy;
			containerPortal = 4CEF14F81D67EE5700A2D951 /* Project object */;
			proxyType = 1;
			remoteGlobalIDString = 4CEF14FF1D67EE5700A2D951;
			remoteInfo = "Dystruth or Dare?";
		};
		4CEF15201D67EE5800A2D951 /* PBXContainerItemProxy */ = {
			isa = PBXContainerItemProxy;
			containerPortal = 4CEF14F81D67EE5700A2D951 /* Project object */;
			proxyType = 1;
			remoteGlobalIDString = 4CEF14FF1D67EE5700A2D951;
			remoteInfo = "Dystruth or Dare?";
		};
/* End PBXContainerItemProxy section */

/* Begin PBXFileReference section */
		4CEF15001D67EE5700A2D951 /* Dystruth or Dare?.app */ = {isa = PBXFileReference; explicitFileType = wrapper.application; includeInIndex = 0; path = "Dystruth or Dare?.app"; sourceTree = BUILT_PRODUCTS_DIR; };
		4CEF15031D67EE5700A2D951 /* AppDelegate.swift */ = {isa = PBXFileReference; lastKnownFileType = sourcecode.swift; path = AppDelegate.swift; sourceTree = "<group>"; };
		4CEF15051D67EE5700A2D951 /* ViewController.swift */ = {isa = PBXFileReference; lastKnownFileType = sourcecode.swift; path = ViewController.swift; sourceTree = "<group>"; };
		4CEF15081D67EE5700A2D951 /* Base */ = {isa = PBXFileReference; lastKnownFileType = file.storyboard; name = Base; path = Base.lproj/Main.storyboard; sourceTree = "<group>"; };
		4CEF150A1D67EE5700A2D951 /* Assets.xcassets */ = {isa = PBXFileReference; lastKnownFileType = folder.assetcatalog; path = Assets.xcassets; sourceTree = "<group>"; };
		4CEF150D1D67EE5700A2D951 /* Base */ = {isa = PBXFileReference; lastKnownFileType = file.storyboard; name = Base; path = Base.lproj/LaunchScreen.storyboard; sourceTree = "<group>"; };
		4CEF150F1D67EE5700A2D951 /* Info.plist */ = {isa = PBXFileReference; lastKnownFileType = text.plist.xml; path = Info.plist; sourceTree = "<group>"; };
		4CEF15141D67EE5800A2D951 /* Dystruth or Dare?Tests.xctest */ = {isa = PBXFileReference; explicitFileType = wrapper.cfbundle; includeInIndex = 0; path = "Dystruth or Dare?Tests.xctest"; sourceTree = BUILT_PRODUCTS_DIR; };
		4CEF15181D67EE5800A2D951 /* Dystruth_or_Dare_Tests.swift */ = {isa = PBXFileReference; lastKnownFileType = sourcecode.swift; path = Dystruth_or_Dare_Tests.swift; sourceTree = "<group>"; };
		4CEF151A1D67EE5800A2D951 /* Info.plist */ = {isa = PBXFileReference; lastKnownFileType = text.plist.xml; path = Info.plist; sourceTree = "<group>"; };
		4CEF151F1D67EE5800A2D951 /* Dystruth or Dare?UITests.xctest */ = {isa = PBXFileReference; explicitFileType = wrapper.cfbundle; includeInIndex = 0; path = "Dystruth or Dare?UITests.xctest"; sourceTree = BUILT_PRODUCTS_DIR; };
		4CEF15231D67EE5800A2D951 /* Dystruth_or_Dare_UITests.swift */ = {isa = PBXFileReference; lastKnownFileType = sourcecode.swift; path = Dystruth_or_Dare_UITests.swift; sourceTree = "<group>"; };
		4CEF15251D67EE5800A2D951 /* Info.plist */ = {isa = PBXFileReference; lastKnownFileType = text.plist.xml; path = Info.plist; sourceTree = "<group>"; };
/* End PBXFileReference section */

/* Begin PBXFrameworksBuildPhase section */
		4CEF14FD1D67EE5700A2D951 /* Frameworks */ = {
			isa = PBXFrameworksBuildPhase;
			buildActionMask = 2147483647;
			files = (
			);
			runOnlyForDeploymentPostprocessing = 0;
		};
		4CEF15111D67EE5800A2D951 /* Frameworks */ = {
			isa = PBXFrameworksBuildPhase;
			buildActionMask = 2147483647;
			files = (
			);
			runOnlyForDeploymentPostprocessing = 0;
		};
		4CEF151C1D67EE5800A2D951 /* Frameworks */ = {
			isa = PBXFrameworksBuildPhase;
			buildActionMask = 2147483647;
			files = (
			);
			runOnlyForDeploymentPostprocessing = 0;
		};
/* End PBXFrameworksBuildPhase section */

/* Begin PBXGroup section */
		4CEF14F71D67EE5700A2D951 = {
			isa = PBXGroup;
			children = (
				4CEF15021D67EE5700A2D951 /* Dystruth or Dare? */,
				4CEF15171D67EE5800A2D951 /* Dystruth or Dare?Tests */,
				4CEF15221D67EE5800A2D951 /* Dystruth or Dare?UITests */,
				4CEF15011D67EE5700A2D951 /* Products */,
			);
			sourceTree = "<group>";
		};
		4CEF15011D67EE5700A2D951 /* Products */ = {
			isa = PBXGroup;
			children = (
				4CEF15001D67EE5700A2D951 /* Dystruth or Dare?.app */,
				4CEF15141D67EE5800A2D951 /* Dystruth or Dare?Tests.xctest */,
				4CEF151F1D67EE5800A2D951 /* Dystruth or Dare?UITests.xctest */,
			);
			name = Products;
			sourceTree = "<group>";
		};
		4CEF15021D67EE5700A2D951 /* Dystruth or Dare? */ = {
			isa = PBXGroup;
			children = (
				4CEF15031D67EE5700A2D951 /* AppDelegate.swift */,
				4CEF15051D67EE5700A2D951 /* ViewController.swift */,
				4CEF15071D67EE5700A2D951 /* Main.storyboard */,
				4CEF150A1D67EE5700A2D951 /* Assets.xcassets */,
				4CEF150C1D67EE5700A2D951 /* LaunchScreen.storyboard */,
				4CEF150F1D67EE5700A2D951 /* Info.plist */,
			);
			path = "Dystruth or Dare?";
			sourceTree = "<group>";
		};
		4CEF15171D67EE5800A2D951 /* Dystruth or Dare?Tests */ = {
			isa = PBXGroup;
			children = (
				4CEF15181D67EE5800A2D951 /* Dystruth_or_Dare_Tests.swift */,
				4CEF151A1D67EE5800A2D951 /* Info.plist */,
			);
			path = "Dystruth or Dare?Tests";
			sourceTree = "<group>";
		};
		4CEF15221D67EE5800A2D951 /* Dystruth or Dare?UITests */ = {
			isa = PBXGroup;
			children = (
				4CEF15231D67EE5800A2D951 /* Dystruth_or_Dare_UITests.swift */,
				4CEF15251D67EE5800A2D951 /* Info.plist */,
			);
			path = "Dystruth or Dare?UITests";
			sourceTree = "<group>";
		};
/* End PBXGroup section */

/* Begin PBXNativeTarget section */
		4CEF14FF1D67EE5700A2D951 /* Dystruth or Dare? */ = {
			isa = PBXNativeTarget;
			buildConfigurationList = 4CEF15281D67EE5800A2D951 /* Build configuration list for PBXNativeTarget "Dystruth or Dare?" */;
			buildPhases = (
				4CEF14FC1D67EE5700A2D951 /* Sources */,
				4CEF14FD1D67EE5700A2D951 /* Frameworks */,
				4CEF14FE1D67EE5700A2D951 /* Resources */,
			);
			buildRules = (
			);
			dependencies = (
			);
			name = "Dystruth or Dare?";
			productName = "Dystruth or Dare?";
			productReference = 4CEF15001D67EE5700A2D951 /* Dystruth or Dare?.app */;
			productType = "com.apple.product-type.application";
		};
		4CEF15131D67EE5800A2D951 /* Dystruth or Dare?Tests */ = {
			isa = PBXNativeTarget;
			buildConfigurationList = 4CEF152B1D67EE5800A2D951 /* Build configuration list for PBXNativeTarget "Dystruth or Dare?Tests" */;
			buildPhases = (
				4CEF15101D67EE5800A2D951 /* Sources */,
				4CEF15111D67EE5800A2D951 /* Frameworks */,
				4CEF15121D67EE5800A2D951 /* Resources */,
			);
			buildRules = (
			);
			dependencies = (
				4CEF15161D67EE5800A2D951 /* PBXTargetDependency */,
			);
			name = "Dystruth or Dare?Tests";
			productName = "Dystruth or Dare?Tests";
			productReference = 4CEF15141D67EE5800A2D951 /* Dystruth or Dare?Tests.xctest */;
			productType = "com.apple.product-type.bundle.unit-test";
		};
		4CEF151E1D67EE5800A2D951 /* Dystruth or Dare?UITests */ = {
			isa = PBXNativeTarget;
			buildConfigurationList = 4CEF152E1D67EE5800A2D951 /* Build configuration list for PBXNativeTarget "Dystruth or Dare?UITests" */;
			buildPhases = (
				4CEF151B1D67EE5800A2D951 /* Sources */,
				4CEF151C1D67EE5800A2D951 /* Frameworks */,
				4CEF151D1D67EE5800A2D951 /* Resources */,
			);
			buildRules = (
			);
			dependencies = (
				4CEF15211D67EE5800A2D951 /* PBXTargetDependency */,
			);
			name = "Dystruth or Dare?UITests";
			productName = "Dystruth or Dare?UITests";
			productReference = 4CEF151F1D67EE5800A2D951 /* Dystruth or Dare?UITests.xctest */;
			productType = "com.apple.product-type.bundle.ui-testing";
		};
/* End PBXNativeTarget section */

/* Begin PBXProject section */
		4CEF14F81D67EE5700A2D951 /* Project object */ = {
			isa = PBXProject;
			attributes = {
				LastSwiftUpdateCheck = 0800;
				LastUpgradeCheck = 0800;
				ORGANIZATIONNAME = "Michael Hulet";
				TargetAttributes = {
					4CEF14FF1D67EE5700A2D951 = {
						CreatedOnToolsVersion = 8.0;
						DevelopmentTeam = K3ZLWH83BT;
						ProvisioningStyle = Automatic;
					};
					4CEF15131D67EE5800A2D951 = {
						CreatedOnToolsVersion = 8.0;
						DevelopmentTeam = K3ZLWH83BT;
						ProvisioningStyle = Automatic;
						TestTargetID = 4CEF14FF1D67EE5700A2D951;
					};
					4CEF151E1D67EE5800A2D951 = {
						CreatedOnToolsVersion = 8.0;
						DevelopmentTeam = K3ZLWH83BT;
						ProvisioningStyle = Automatic;
						TestTargetID = 4CEF14FF1D67EE5700A2D951;
					};
				};
			};
			buildConfigurationList = 4CEF14FB1D67EE5700A2D951 /* Build configuration list for PBXProject "Dystruth or Dare?" */;
			compatibilityVersion = "Xcode 3.2";
			developmentRegion = English;
			hasScannedForEncodings = 0;
			knownRegions = (
				en,
				Base,
			);
			mainGroup = 4CEF14F71D67EE5700A2D951;
			productRefGroup = 4CEF15011D67EE5700A2D951 /* Products */;
			projectDirPath = "";
			projectRoot = "";
			targets = (
				4CEF14FF1D67EE5700A2D951 /* Dystruth or Dare? */,
				4CEF15131D67EE5800A2D951 /* Dystruth or Dare?Tests */,
				4CEF151E1D67EE5800A2D951 /* Dystruth or Dare?UITests */,
			);
		};
/* End PBXProject section */

/* Begin PBXResourcesBuildPhase section */
		4CEF14FE1D67EE5700A2D951 /* Resources */ = {
			isa = PBXResourcesBuildPhase;
			buildActionMask = 2147483647;
			files = (
				4CEF150E1D67EE5700A2D951 /* LaunchScreen.storyboard in Resources */,
				4CEF150B1D67EE5700A2D951 /* Assets.xcassets in Resources */,
				4CEF15091D67EE5700A2D951 /* Main.storyboard in Resources */,
			);
			runOnlyForDeploymentPostprocessing = 0;
		};
		4CEF15121D67EE5800A2D951 /* Resources */ = {
			isa = PBXResourcesBuildPhase;
			buildActionMask = 2147483647;
			files = (
			);
			runOnlyForDeploymentPostprocessing = 0;
		};
		4CEF151D1D67EE5800A2D951 /* Resources */ = {
			isa = PBXResourcesBuildPhase;
			buildActionMask = 2147483647;
			files = (
			);
			runOnlyForDeploymentPostprocessing = 0;
		};
/* End PBXResourcesBuildPhase section */

/* Begin PBXSourcesBuildPhase section */
		4CEF14FC1D67EE5700A2D951 /* Sources */ = {
			isa = PBXSourcesBuildPhase;
			buildActionMask = 2147483647;
			files = (
				4CEF15061D67EE5700A2D951 /* ViewController.swift in Sources */,
				4CEF15041D67EE5700A2D951 /* AppDelegate.swift in Sources */,
			);
			runOnlyForDeploymentPostprocessing = 0;
		};
		4CEF15101D67EE5800A2D951 /* Sources */ = {
			isa = PBXSourcesBuildPhase;
			buildActionMask = 2147483647;
			files = (
				4CEF15191D67EE5800A2D951 /* Dystruth_or_Dare_Tests.swift in Sources */,
			);
			runOnlyForDeploymentPostprocessing = 0;
		};
		4CEF151B1D67EE5800A2D951 /* Sources */ = {
			isa = PBXSourcesBuildPhase;
			buildActionMask = 2147483647;
			files = (
				4CEF15241D67EE5800A2D951 /* Dystruth_or_Dare_UITests.swift in Sources */,
			);
			runOnlyForDeploymentPostprocessing = 0;
		};
/* End PBXSourcesBuildPhase section */

/* Begin PBXTargetDependency section */
		4CEF15161D67EE5800A2D951 /* PBXTargetDependency */ = {
			isa = PBXTargetDependency;
			target = 4CEF14FF1D67EE5700A2D951 /* Dystruth or Dare? */;
			targetProxy = 4CEF15151D67EE5800A2D951 /* PBXContainerItemProxy */;
		};
		4CEF15211D67EE5800A2D951 /* PBXTargetDependency */ = {
			isa = PBXTargetDependency;
			target = 4CEF14FF1D67EE5700A2D951 /* Dystruth or Dare? */;
			targetProxy = 4CEF15201D67EE5800A2D951 /* PBXContainerItemProxy */;
		};
/* End PBXTargetDependency section */

/* Begin PBXVariantGroup section */
		4CEF15071D67EE5700A2D951 /* Main.storyboard */ = {
			isa = PBXVariantGroup;
			children = (
				4CEF15081D67EE5700A2D951 /* Base */,
			);
			name = Main.storyboard;
			sourceTree = "<group>";
		};
		4CEF150C1D67EE5700A2D951 /* LaunchScreen.storyboard */ = {
			isa = PBXVariantGroup;
			children = (
				4CEF150D1D67EE5700A2D951 /* Base */,
			);
			name = LaunchScreen.storyboard;
			sourceTree = "<group>";
		};
/* End PBXVariantGroup section */

/* Begin XCBuildConfiguration section */
		4CEF15261D67EE5800A2D951 /* Debug */ = {
			isa = XCBuildConfiguration;
			buildSettings = {
				ALWAYS_SEARCH_USER_PATHS = NO;
				CLANG_ANALYZER_NONNULL = YES;
				CLANG_CXX_LANGUAGE_STANDARD = "gnu++0x";
				CLANG_CXX_LIBRARY = "libc++";
				CLANG_ENABLE_MODULES = YES;
				CLANG_ENABLE_OBJC_ARC = YES;
				CLANG_WARN_BOOL_CONVERSION = YES;
				CLANG_WARN_CONSTANT_CONVERSION = YES;
				CLANG_WARN_DIRECT_OBJC_ISA_USAGE = YES_ERROR;
				CLANG_WARN_DOCUMENTATION_COMMENTS = YES;
				CLANG_WARN_EMPTY_BODY = YES;
				CLANG_WARN_ENUM_CONVERSION = YES;
				CLANG_WARN_INFINITE_RECURSION = YES;
				CLANG_WARN_INT_CONVERSION = YES;
				CLANG_WARN_OBJC_ROOT_CLASS = YES_ERROR;
				CLANG_WARN_SUSPICIOUS_MOVES = YES;
				CLANG_WARN_UNREACHABLE_CODE = YES;
				CLANG_WARN__DUPLICATE_METHOD_MATCH = YES;
				"CODE_SIGN_IDENTITY[sdk=iphoneos*]" = "iPhone Developer";
				COPY_PHASE_STRIP = NO;
				DEBUG_INFORMATION_FORMAT = dwarf;
				ENABLE_STRICT_OBJC_MSGSEND = YES;
				ENABLE_TESTABILITY = YES;
				GCC_C_LANGUAGE_STANDARD = gnu99;
				GCC_DYNAMIC_NO_PIC = NO;
				GCC_NO_COMMON_BLOCKS = YES;
				GCC_OPTIMIZATION_LEVEL = 0;
				GCC_PREPROCESSOR_DEFINITIONS = (
					"DEBUG=1",
					"$(inherited)",
				);
				GCC_WARN_64_TO_32_BIT_CONVERSION = YES;
				GCC_WARN_ABOUT_RETURN_TYPE = YES_ERROR;
				GCC_WARN_UNDECLARED_SELECTOR = YES;
				GCC_WARN_UNINITIALIZED_AUTOS = YES_AGGRESSIVE;
				GCC_WARN_UNUSED_FUNCTION = YES;
				GCC_WARN_UNUSED_VARIABLE = YES;
				IPHONEOS_DEPLOYMENT_TARGET = 10.0;
				MTL_ENABLE_DEBUG_INFO = YES;
				ONLY_ACTIVE_ARCH = YES;
				SDKROOT = iphoneos;
				SWIFT_ACTIVE_COMPILATION_CONDITIONS = DEBUG;
				SWIFT_OPTIMIZATION_LEVEL = "-Onone";
				TARGETED_DEVICE_FAMILY = "1,2";
			};
			name = Debug;
		};
		4CEF15271D67EE5800A2D951 /* Release */ = {
			isa = XCBuildConfiguration;
			buildSettings = {
				ALWAYS_SEARCH_USER_PATHS = NO;
				CLANG_ANALYZER_NONNULL = YES;
				CLANG_CXX_LANGUAGE_STANDARD = "gnu++0x";
				CLANG_CXX_LIBRARY = "libc++";
				CLANG_ENABLE_MODULES = YES;
				CLANG_ENABLE_OBJC_ARC = YES;
				CLANG_WARN_BOOL_CONVERSION = YES;
				CLANG_WARN_CONSTANT_CONVERSION = YES;
				CLANG_WARN_DIRECT_OBJC_ISA_USAGE = YES_ERROR;
				CLANG_WARN_DOCUMENTATION_COMMENTS = YES;
				CLANG_WARN_EMPTY_BODY = YES;
				CLANG_WARN_ENUM_CONVERSION = YES;
				CLANG_WARN_INFINITE_RECURSION = YES;
				CLANG_WARN_INT_CONVERSION = YES;
				CLANG_WARN_OBJC_ROOT_CLASS = YES_ERROR;
				CLANG_WARN_SUSPICIOUS_MOVES = YES;
				CLANG_WARN_UNREACHABLE_CODE = YES;
				CLANG_WARN__DUPLICATE_METHOD_MATCH = YES;
				"CODE_SIGN_IDENTITY[sdk=iphoneos*]" = "iPhone Developer";
				COPY_PHASE_STRIP = NO;
				DEBUG_INFORMATION_FORMAT = "dwarf-with-dsym";
				ENABLE_NS_ASSERTIONS = NO;
				ENABLE_STRICT_OBJC_MSGSEND = YES;
				GCC_C_LANGUAGE_STANDARD = gnu99;
				GCC_NO_COMMON_BLOCKS = YES;
				GCC_WARN_64_TO_32_BIT_CONVERSION = YES;
				GCC_WARN_ABOUT_RETURN_TYPE = YES_ERROR;
				GCC_WARN_UNDECLARED_SELECTOR = YES;
				GCC_WARN_UNINITIALIZED_AUTOS = YES_AGGRESSIVE;
				GCC_WARN_UNUSED_FUNCTION = YES;
				GCC_WARN_UNUSED_VARIABLE = YES;
				IPHONEOS_DEPLOYMENT_TARGET = 10.0;
				MTL_ENABLE_DEBUG_INFO = NO;
				SDKROOT = iphoneos;
				SWIFT_OPTIMIZATION_LEVEL = "-Owholemodule";
				TARGETED_DEVICE_FAMILY = "1,2";
				VALIDATE_PRODUCT = YES;
			};
			name = Release;
		};
		4CEF15291D67EE5800A2D951 /* Debug */ = {
			isa = XCBuildConfiguration;
			buildSettings = {
				ASSETCATALOG_COMPILER_APPICON_NAME = AppIcon;
				DEVELOPMENT_TEAM = K3ZLWH83BT;
				INFOPLIST_FILE = "Dystruth or Dare?/Info.plist";
				LD_RUNPATH_SEARCH_PATHS = "$(inherited) @executable_path/Frameworks";
				PRODUCT_BUNDLE_IDENTIFIER = "me.hulet.michael.Dystruth-or-Dare-";
				PRODUCT_NAME = "$(TARGET_NAME)";
				SWIFT_VERSION = 3.0;
			};
			name = Debug;
		};
		4CEF152A1D67EE5800A2D951 /* Release */ = {
			isa = XCBuildConfiguration;
			buildSettings = {
				ASSETCATALOG_COMPILER_APPICON_NAME = AppIcon;
				DEVELOPMENT_TEAM = K3ZLWH83BT;
				INFOPLIST_FILE = "Dystruth or Dare?/Info.plist";
				LD_RUNPATH_SEARCH_PATHS = "$(inherited) @executable_path/Frameworks";
				PRODUCT_BUNDLE_IDENTIFIER = "me.hulet.michael.Dystruth-or-Dare-";
				PRODUCT_NAME = "$(TARGET_NAME)";
				SWIFT_VERSION = 3.0;
			};
			name = Release;
		};
		4CEF152C1D67EE5800A2D951 /* Debug */ = {
			isa = XCBuildConfiguration;
			buildSettings = {
				BUNDLE_LOADER = "$(TEST_HOST)";
				DEVELOPMENT_TEAM = K3ZLWH83BT;
				INFOPLIST_FILE = "Dystruth or Dare?Tests/Info.plist";
				LD_RUNPATH_SEARCH_PATHS = "$(inherited) @executable_path/Frameworks @loader_path/Frameworks";
				PRODUCT_BUNDLE_IDENTIFIER = "me.hulet.michael.Dystruth-or-Dare-Tests";
				PRODUCT_NAME = "$(TARGET_NAME)";
				SWIFT_VERSION = 3.0;
				TEST_HOST = "$(BUILT_PRODUCTS_DIR)/Dystruth or Dare?.app/Dystruth or Dare?";
			};
			name = Debug;
		};
		4CEF152D1D67EE5800A2D951 /* Release */ = {
			isa = XCBuildConfiguration;
			buildSettings = {
				BUNDLE_LOADER = "$(TEST_HOST)";
				DEVELOPMENT_TEAM = K3ZLWH83BT;
				INFOPLIST_FILE = "Dystruth or Dare?Tests/Info.plist";
				LD_RUNPATH_SEARCH_PATHS = "$(inherited) @executable_path/Frameworks @loader_path/Frameworks";
				PRODUCT_BUNDLE_IDENTIFIER = "me.hulet.michael.Dystruth-or-Dare-Tests";
				PRODUCT_NAME = "$(TARGET_NAME)";
				SWIFT_VERSION = 3.0;
				TEST_HOST = "$(BUILT_PRODUCTS_DIR)/Dystruth or Dare?.app/Dystruth or Dare?";
			};
			name = Release;
		};
		4CEF152F1D67EE5800A2D951 /* Debug */ = {
			isa = XCBuildConfiguration;
			buildSettings = {
				DEVELOPMENT_TEAM = K3ZLWH83BT;
				INFOPLIST_FILE = "Dystruth or Dare?UITests/Info.plist";
				LD_RUNPATH_SEARCH_PATHS = "$(inherited) @executable_path/Frameworks @loader_path/Frameworks";
				PRODUCT_BUNDLE_IDENTIFIER = "me.hulet.michael.Dystruth-or-Dare-UITests";
				PRODUCT_NAME = "$(TARGET_NAME)";
				SWIFT_VERSION = 3.0;
				TEST_TARGET_NAME = "Dystruth or Dare?";
			};
			name = Debug;
		};
		4CEF15301D67EE5800A2D951 /* Release */ = {
			isa = XCBuildConfiguration;
			buildSettings = {
				DEVELOPMENT_TEAM = K3ZLWH83BT;
				INFOPLIST_FILE = "Dystruth or Dare?UITests/Info.plist";
				LD_RUNPATH_SEARCH_PATHS = "$(inherited) @executable_path/Frameworks @loader_path/Frameworks";
				PRODUCT_BUNDLE_IDENTIFIER = "me.hulet.michael.Dystruth-or-Dare-UITests";
				PRODUCT_NAME = "$(TARGET_NAME)";
				SWIFT_VERSION = 3.0;
				TEST_TARGET_NAME = "Dystruth or Dare?";
			};
			name = Release;
		};
/* End XCBuildConfiguration section */

/* Begin XCConfigurationList section */
		4CEF14FB1D67EE5700A2D951 /* Build configuration list for PBXProject "Dystruth or Dare?" */ = {
			isa = XCConfigurationList;
			buildConfigurations = (
				4CEF15261D67EE5800A2D951 /* Debug */,
				4CEF15271D67EE5800A2D951 /* Release */,
			);
			defaultConfigurationIsVisible = 0;
			defaultConfigurationName = Release;
		};
		4CEF15281D67EE5800A2D951 /* Build configuration list for PBXNativeTarget "Dystruth or Dare?" */ = {
			isa = XCConfigurationList;
			buildConfigurations = (
				4CEF15291D67EE5800A2D951 /* Debug */,
				4CEF152A1D67EE5800A2D951 /* Release */,
			);
			defaultConfigurationIsVisible = 0;
		};
		4CEF152B1D67EE5800A2D951 /* Build configuration list for PBXNativeTarget "Dystruth or Dare?Tests" */ = {
			isa = XCConfigurationList;
			buildConfigurations = (
				4CEF152C1D67EE5800A2D951 /* Debug */,
				4CEF152D1D67EE5800A2D951 /* Release */,
			);
			defaultConfigurationIsVisible = 0;
		};
		4CEF152E1D67EE5800A2D951 /* Build configuration list for PBXNativeTarget "Dystruth or Dare?UITests" */ = {
			isa = XCConfigurationList;
			buildConfigurations = (
				4CEF152F1D67EE5800A2D951 /* Debug */,
				4CEF15301D67EE5800A2D951 /* Release */,
			);
			defaultConfigurationIsVisible = 0;
		};
/* End XCConfigurationList section */
	};
	rootObject = 4CEF14F81D67EE5700A2D951 /* Project object */;
}
